
Microsoft Visual Studio Solution File, Format Version 12.00
# Visual Studio Version 16
VisualStudioVersion = 16.0.32126.315
MinimumVisualStudioVersion = 10.0.40219.1
Project("{FAE04EC0-301F-11D3-BF4B-00C04F79EFBC}") = "Sweety_Race", "Sweety_Race.csproj", "{1BDC9263-64FF-47B6-B69F-0CCF23A22407}"
EndProject
Global
	GlobalSection(SolutionConfigurationPlatforms) = preSolution
		Debug|Any CPU = Debug|Any CPU
		Release|Any CPU = Release|Any CPU
	EndGlobalSection
	GlobalSection(ProjectConfigurationPlatforms) = postSolution
		{1BDC9263-64FF-47B6-B69F-0CCF23A22407}.Debug|Any CPU.ActiveCfg = Debug|Any CPU
		{1BDC9263-64FF-47B6-B69F-0CCF23A22407}.Debug|Any CPU.Build.0 = Debug|Any CPU
		{1BDC9263-64FF-47B6-B69F-0CCF23A22407}.Release|Any CPU.ActiveCfg = Release|Any CPU
		{1BDC9263-64FF-47B6-B69F-0CCF23A22407}.Release|Any CPU.Build.0 = Release|Any CPU
	EndGlobalSection
	GlobalSection(SolutionProperties) = preSolution
		HideSolutionNode = FALSE
	EndGlobalSection
	GlobalSection(ExtensibilityGlobals) = postSolution
		SolutionGuid = {EC226C0F-AB5B-44A0-8DD1-2ABAAB47894A}
	EndGlobalSection
EndGlobal
